
Microsoft Visual Studio Solution File, Format Version 12.00
# Visual Studio Version 17
VisualStudioVersion = 17.2.32526.322
MinimumVisualStudioVersion = 10.0.40219.1
Project("{FAE04EC0-301F-11D3-BF4B-00C04F79EFBC}") = "Room Calculator", "Room Calculator\Room Calculator.csproj", "{82524351-C561-4C00-A857-6DD998434525}"
EndProject
Global
	GlobalSection(SolutionConfigurationPlatforms) = preSolution
		Debug|Any CPU = Debug|Any CPU
		Release|Any CPU = Release|Any CPU
	EndGlobalSection
	GlobalSection(ProjectConfigurationPlatforms) = postSolution
		{82524351-C561-4C00-A857-6DD998434525}.Debug|Any CPU.ActiveCfg = Debug|Any CPU
		{82524351-C561-4C00-A857-6DD998434525}.Debug|Any CPU.Build.0 = Debug|Any CPU
		{82524351-C561-4C00-A857-6DD998434525}.Release|Any CPU.ActiveCfg = Release|Any CPU
		{82524351-C561-4C00-A857-6DD998434525}.Release|Any CPU.Build.0 = Release|Any CPU
	EndGlobalSection
	GlobalSection(SolutionProperties) = preSolution
		HideSolutionNode = FALSE
	EndGlobalSection
	GlobalSection(ExtensibilityGlobals) = postSolution
		SolutionGuid = {541521B6-8052-4959-8107-54A32A6A6717}
	EndGlobalSection
EndGlobal
